// !$*UTF8*$!
{
	archiveVersion = 1;
	classes = {
	};
	objectVersion = 56;
	objects = {

/* Begin PBXBuildFile section */
		9CED70F22B8B212900BC96D0 /* StarknetTemplateApp.swift in Sources */ = {isa = PBXBuildFile; fileRef = 9CED70F12B8B212900BC96D0 /* StarknetTemplateApp.swift */; };
		9CED70F42B8B212900BC96D0 /* ContentView.swift in Sources */ = {isa = PBXBuildFile; fileRef = 9CED70F32B8B212900BC96D0 /* ContentView.swift */; };
		9CED70F62B8B212A00BC96D0 /* Assets.xcassets in Resources */ = {isa = PBXBuildFile; fileRef = 9CED70F52B8B212A00BC96D0 /* Assets.xcassets */; };
		9CED70F92B8B212A00BC96D0 /* Preview Assets.xcassets in Resources */ = {isa = PBXBuildFile; fileRef = 9CED70F82B8B212A00BC96D0 /* Preview Assets.xcassets */; };
		9CED71032B8B212A00BC96D0 /* StarknetTemplateTests.swift in Sources */ = {isa = PBXBuildFile; fileRef = 9CED71022B8B212A00BC96D0 /* StarknetTemplateTests.swift */; };
		9CED710D2B8B212A00BC96D0 /* StarknetTemplateUITests.swift in Sources */ = {isa = PBXBuildFile; fileRef = 9CED710C2B8B212A00BC96D0 /* StarknetTemplateUITests.swift */; };
		9CED710F2B8B212A00BC96D0 /* StarknetTemplateUITestsLaunchTests.swift in Sources */ = {isa = PBXBuildFile; fileRef = 9CED710E2B8B212A00BC96D0 /* StarknetTemplateUITestsLaunchTests.swift */; };
/* End PBXBuildFile section */

/* Begin PBXContainerItemProxy section */
		9CED70FF2B8B212A00BC96D0 /* PBXContainerItemProxy */ = {
			isa = PBXContainerItemProxy;
			containerPortal = 9CED70E62B8B212900BC96D0 /* Project object */;
			proxyType = 1;
			remoteGlobalIDString = 9CED70ED2B8B212900BC96D0;
			remoteInfo = StarknetTemplate;
		};
		9CED71092B8B212A00BC96D0 /* PBXContainerItemProxy */ = {
			isa = PBXContainerItemProxy;
			containerPortal = 9CED70E62B8B212900BC96D0 /* Project object */;
			proxyType = 1;
			remoteGlobalIDString = 9CED70ED2B8B212900BC96D0;
			remoteInfo = StarknetTemplate;
		};
/* End PBXContainerItemProxy section */

/* Begin PBXFileReference section */
		9CED70EE2B8B212900BC96D0 /* StarknetTemplate.app */ = {isa = PBXFileReference; explicitFileType = wrapper.application; includeInIndex = 0; path = StarknetTemplate.app; sourceTree = BUILT_PRODUCTS_DIR; };
		9CED70F12B8B212900BC96D0 /* StarknetTemplateApp.swift */ = {isa = PBXFileReference; lastKnownFileType = sourcecode.swift; path = StarknetTemplateApp.swift; sourceTree = "<group>"; };
		9CED70F32B8B212900BC96D0 /* ContentView.swift */ = {isa = PBXFileReference; lastKnownFileType = sourcecode.swift; path = ContentView.swift; sourceTree = "<group>"; };
		9CED70F52B8B212A00BC96D0 /* Assets.xcassets */ = {isa = PBXFileReference; lastKnownFileType = folder.assetcatalog; path = Assets.xcassets; sourceTree = "<group>"; };
		9CED70F82B8B212A00BC96D0 /* Preview Assets.xcassets */ = {isa = PBXFileReference; lastKnownFileType = folder.assetcatalog; path = "Preview Assets.xcassets"; sourceTree = "<group>"; };
		9CED70FE2B8B212A00BC96D0 /* StarknetTemplateTests.xctest */ = {isa = PBXFileReference; explicitFileType = wrapper.cfbundle; includeInIndex = 0; path = StarknetTemplateTests.xctest; sourceTree = BUILT_PRODUCTS_DIR; };
		9CED71022B8B212A00BC96D0 /* StarknetTemplateTests.swift */ = {isa = PBXFileReference; lastKnownFileType = sourcecode.swift; path = StarknetTemplateTests.swift; sourceTree = "<group>"; };
		9CED71082B8B212A00BC96D0 /* StarknetTemplateUITests.xctest */ = {isa = PBXFileReference; explicitFileType = wrapper.cfbundle; includeInIndex = 0; path = StarknetTemplateUITests.xctest; sourceTree = BUILT_PRODUCTS_DIR; };
		9CED710C2B8B212A00BC96D0 /* StarknetTemplateUITests.swift */ = {isa = PBXFileReference; lastKnownFileType = sourcecode.swift; path = StarknetTemplateUITests.swift; sourceTree = "<group>"; };
		9CED710E2B8B212A00BC96D0 /* StarknetTemplateUITestsLaunchTests.swift */ = {isa = PBXFileReference; lastKnownFileType = sourcecode.swift; path = StarknetTemplateUITestsLaunchTests.swift; sourceTree = "<group>"; };
/* End PBXFileReference section */

/* Begin PBXFrameworksBuildPhase section */
		9CED70EB2B8B212900BC96D0 /* Frameworks */ = {
			isa = PBXFrameworksBuildPhase;
			buildActionMask = 2147483647;
			files = (
			);
			runOnlyForDeploymentPostprocessing = 0;
		};
		9CED70FB2B8B212A00BC96D0 /* Frameworks */ = {
			isa = PBXFrameworksBuildPhase;
			buildActionMask = 2147483647;
			files = (
			);
			runOnlyForDeploymentPostprocessing = 0;
		};
		9CED71052B8B212A00BC96D0 /* Frameworks */ = {
			isa = PBXFrameworksBuildPhase;
			buildActionMask = 2147483647;
			files = (
			);
			runOnlyForDeploymentPostprocessing = 0;
		};
/* End PBXFrameworksBuildPhase section */

/* Begin PBXGroup section */
		9CED70E52B8B212900BC96D0 = {
			isa = PBXGroup;
			children = (
				9CED70F02B8B212900BC96D0 /* StarknetTemplate */,
				9CED71012B8B212A00BC96D0 /* StarknetTemplateTests */,
				9CED710B2B8B212A00BC96D0 /* StarknetTemplateUITests */,
				9CED70EF2B8B212900BC96D0 /* Products */,
			);
			sourceTree = "<group>";
		};
		9CED70EF2B8B212900BC96D0 /* Products */ = {
			isa = PBXGroup;
			children = (
				9CED70EE2B8B212900BC96D0 /* StarknetTemplate.app */,
				9CED70FE2B8B212A00BC96D0 /* StarknetTemplateTests.xctest */,
				9CED71082B8B212A00BC96D0 /* StarknetTemplateUITests.xctest */,
			);
			name = Products;
			sourceTree = "<group>";
		};
		9CED70F02B8B212900BC96D0 /* StarknetTemplate */ = {
			isa = PBXGroup;
			children = (
				9CED70F12B8B212900BC96D0 /* StarknetTemplateApp.swift */,
				9CED70F32B8B212900BC96D0 /* ContentView.swift */,
				9CED70F52B8B212A00BC96D0 /* Assets.xcassets */,
				9CED70F72B8B212A00BC96D0 /* Preview Content */,
			);
			path = StarknetTemplate;
			sourceTree = "<group>";
		};
		9CED70F72B8B212A00BC96D0 /* Preview Content */ = {
			isa = PBXGroup;
			children = (
				9CED70F82B8B212A00BC96D0 /* Preview Assets.xcassets */,
			);
			path = "Preview Content";
			sourceTree = "<group>";
		};
		9CED71012B8B212A00BC96D0 /* StarknetTemplateTests */ = {
			isa = PBXGroup;
			children = (
				9CED71022B8B212A00BC96D0 /* StarknetTemplateTests.swift */,
			);
			path = StarknetTemplateTests;
			sourceTree = "<group>";
		};
		9CED710B2B8B212A00BC96D0 /* StarknetTemplateUITests */ = {
			isa = PBXGroup;
			children = (
				9CED710C2B8B212A00BC96D0 /* StarknetTemplateUITests.swift */,
				9CED710E2B8B212A00BC96D0 /* StarknetTemplateUITestsLaunchTests.swift */,
			);
			path = StarknetTemplateUITests;
			sourceTree = "<group>";
		};
/* End PBXGroup section */

/* Begin PBXNativeTarget section */
		9CED70ED2B8B212900BC96D0 /* StarknetTemplate */ = {
			isa = PBXNativeTarget;
			buildConfigurationList = 9CED71122B8B212A00BC96D0 /* Build configuration list for PBXNativeTarget "StarknetTemplate" */;
			buildPhases = (
				9CED70EA2B8B212900BC96D0 /* Sources */,
				9CED70EB2B8B212900BC96D0 /* Frameworks */,
				9CED70EC2B8B212900BC96D0 /* Resources */,
			);
			buildRules = (
			);
			dependencies = (
			);
			name = StarknetTemplate;
			productName = StarknetTemplate;
			productReference = 9CED70EE2B8B212900BC96D0 /* StarknetTemplate.app */;
			productType = "com.apple.product-type.application";
		};
		9CED70FD2B8B212A00BC96D0 /* StarknetTemplateTests */ = {
			isa = PBXNativeTarget;
			buildConfigurationList = 9CED71152B8B212A00BC96D0 /* Build configuration list for PBXNativeTarget "StarknetTemplateTests" */;
			buildPhases = (
				9CED70FA2B8B212A00BC96D0 /* Sources */,
				9CED70FB2B8B212A00BC96D0 /* Frameworks */,
				9CED70FC2B8B212A00BC96D0 /* Resources */,
			);
			buildRules = (
			);
			dependencies = (
				9CED71002B8B212A00BC96D0 /* PBXTargetDependency */,
			);
			name = StarknetTemplateTests;
			productName = StarknetTemplateTests;
			productReference = 9CED70FE2B8B212A00BC96D0 /* StarknetTemplateTests.xctest */;
			productType = "com.apple.product-type.bundle.unit-test";
		};
		9CED71072B8B212A00BC96D0 /* StarknetTemplateUITests */ = {
			isa = PBXNativeTarget;
			buildConfigurationList = 9CED71182B8B212A00BC96D0 /* Build configuration list for PBXNativeTarget "StarknetTemplateUITests" */;
			buildPhases = (
				9CED71042B8B212A00BC96D0 /* Sources */,
				9CED71052B8B212A00BC96D0 /* Frameworks */,
				9CED71062B8B212A00BC96D0 /* Resources */,
			);
			buildRules = (
			);
			dependencies = (
				9CED710A2B8B212A00BC96D0 /* PBXTargetDependency */,
			);
			name = StarknetTemplateUITests;
			productName = StarknetTemplateUITests;
			productReference = 9CED71082B8B212A00BC96D0 /* StarknetTemplateUITests.xctest */;
			productType = "com.apple.product-type.bundle.ui-testing";
		};
/* End PBXNativeTarget section */

/* Begin PBXProject section */
		9CED70E62B8B212900BC96D0 /* Project object */ = {
			isa = PBXProject;
			attributes = {
				BuildIndependentTargetsInParallel = 1;
				LastSwiftUpdateCheck = 1520;
				LastUpgradeCheck = 1520;
				TargetAttributes = {
					9CED70ED2B8B212900BC96D0 = {
						CreatedOnToolsVersion = 15.2;
					};
					9CED70FD2B8B212A00BC96D0 = {
						CreatedOnToolsVersion = 15.2;
						TestTargetID = 9CED70ED2B8B212900BC96D0;
					};
					9CED71072B8B212A00BC96D0 = {
						CreatedOnToolsVersion = 15.2;
						TestTargetID = 9CED70ED2B8B212900BC96D0;
					};
				};
			};
			buildConfigurationList = 9CED70E92B8B212900BC96D0 /* Build configuration list for PBXProject "StarknetTemplate" */;
			compatibilityVersion = "Xcode 14.0";
			developmentRegion = en;
			hasScannedForEncodings = 0;
			knownRegions = (
				en,
				Base,
			);
			mainGroup = 9CED70E52B8B212900BC96D0;
			productRefGroup = 9CED70EF2B8B212900BC96D0 /* Products */;
			projectDirPath = "";
			projectRoot = "";
			targets = (
				9CED70ED2B8B212900BC96D0 /* StarknetTemplate */,
				9CED70FD2B8B212A00BC96D0 /* StarknetTemplateTests */,
				9CED71072B8B212A00BC96D0 /* StarknetTemplateUITests */,
			);
		};
/* End PBXProject section */

/* Begin PBXResourcesBuildPhase section */
		9CED70EC2B8B212900BC96D0 /* Resources */ = {
			isa = PBXResourcesBuildPhase;
			buildActionMask = 2147483647;
			files = (
				9CED70F92B8B212A00BC96D0 /* Preview Assets.xcassets in Resources */,
				9CED70F62B8B212A00BC96D0 /* Assets.xcassets in Resources */,
			);
			runOnlyForDeploymentPostprocessing = 0;
		};
		9CED70FC2B8B212A00BC96D0 /* Resources */ = {
			isa = PBXResourcesBuildPhase;
			buildActionMask = 2147483647;
			files = (
			);
			runOnlyForDeploymentPostprocessing = 0;
		};
		9CED71062B8B212A00BC96D0 /* Resources */ = {
			isa = PBXResourcesBuildPhase;
			buildActionMask = 2147483647;
			files = (
			);
			runOnlyForDeploymentPostprocessing = 0;
		};
/* End PBXResourcesBuildPhase section */

/* Begin PBXSourcesBuildPhase section */
		9CED70EA2B8B212900BC96D0 /* Sources */ = {
			isa = PBXSourcesBuildPhase;
			buildActionMask = 2147483647;
			files = (
				9CED70F42B8B212900BC96D0 /* ContentView.swift in Sources */,
				9CED70F22B8B212900BC96D0 /* StarknetTemplateApp.swift in Sources */,
			);
			runOnlyForDeploymentPostprocessing = 0;
		};
		9CED70FA2B8B212A00BC96D0 /* Sources */ = {
			isa = PBXSourcesBuildPhase;
			buildActionMask = 2147483647;
			files = (
				9CED71032B8B212A00BC96D0 /* StarknetTemplateTests.swift in Sources */,
			);
			runOnlyForDeploymentPostprocessing = 0;
		};
		9CED71042B8B212A00BC96D0 /* Sources */ = {
			isa = PBXSourcesBuildPhase;
			buildActionMask = 2147483647;
			files = (
				9CED710F2B8B212A00BC96D0 /* StarknetTemplateUITestsLaunchTests.swift in Sources */,
				9CED710D2B8B212A00BC96D0 /* StarknetTemplateUITests.swift in Sources */,
			);
			runOnlyForDeploymentPostprocessing = 0;
		};
/* End PBXSourcesBuildPhase section */

/* Begin PBXTargetDependency section */
		9CED71002B8B212A00BC96D0 /* PBXTargetDependency */ = {
			isa = PBXTargetDependency;
			target = 9CED70ED2B8B212900BC96D0 /* StarknetTemplate */;
			targetProxy = 9CED70FF2B8B212A00BC96D0 /* PBXContainerItemProxy */;
		};
		9CED710A2B8B212A00BC96D0 /* PBXTargetDependency */ = {
			isa = PBXTargetDependency;
			target = 9CED70ED2B8B212900BC96D0 /* StarknetTemplate */;
			targetProxy = 9CED71092B8B212A00BC96D0 /* PBXContainerItemProxy */;
		};
/* End PBXTargetDependency section */

/* Begin XCBuildConfiguration section */
		9CED71102B8B212A00BC96D0 /* Debug */ = {
			isa = XCBuildConfiguration;
			buildSettings = {
				ALWAYS_SEARCH_USER_PATHS = NO;
				ASSETCATALOG_COMPILER_GENERATE_SWIFT_ASSET_SYMBOL_EXTENSIONS = YES;
				CLANG_ANALYZER_NONNULL = YES;
				CLANG_ANALYZER_NUMBER_OBJECT_CONVERSION = YES_AGGRESSIVE;
				CLANG_CXX_LANGUAGE_STANDARD = "gnu++20";
				CLANG_ENABLE_MODULES = YES;
				CLANG_ENABLE_OBJC_ARC = YES;
				CLANG_ENABLE_OBJC_WEAK = YES;
				CLANG_WARN_BLOCK_CAPTURE_AUTORELEASING = YES;
				CLANG_WARN_BOOL_CONVERSION = YES;
				CLANG_WARN_COMMA = YES;
				CLANG_WARN_CONSTANT_CONVERSION = YES;
				CLANG_WARN_DEPRECATED_OBJC_IMPLEMENTATIONS = YES;
				CLANG_WARN_DIRECT_OBJC_ISA_USAGE = YES_ERROR;
				CLANG_WARN_DOCUMENTATION_COMMENTS = YES;
				CLANG_WARN_EMPTY_BODY = YES;
				CLANG_WARN_ENUM_CONVERSION = YES;
				CLANG_WARN_INFINITE_RECURSION = YES;
				CLANG_WARN_INT_CONVERSION = YES;
				CLANG_WARN_NON_LITERAL_NULL_CONVERSION = YES;
				CLANG_WARN_OBJC_IMPLICIT_RETAIN_SELF = YES;
				CLANG_WARN_OBJC_LITERAL_CONVERSION = YES;
				CLANG_WARN_OBJC_ROOT_CLASS = YES_ERROR;
				CLANG_WARN_QUOTED_INCLUDE_IN_FRAMEWORK_HEADER = YES;
				CLANG_WARN_RANGE_LOOP_ANALYSIS = YES;
				CLANG_WARN_STRICT_PROTOTYPES = YES;
				CLANG_WARN_SUSPICIOUS_MOVE = YES;
				CLANG_WARN_UNGUARDED_AVAILABILITY = YES_AGGRESSIVE;
				CLANG_WARN_UNREACHABLE_CODE = YES;
				CLANG_WARN__DUPLICATE_METHOD_MATCH = YES;
				COPY_PHASE_STRIP = NO;
				DEBUG_INFORMATION_FORMAT = dwarf;
				ENABLE_STRICT_OBJC_MSGSEND = YES;
				ENABLE_TESTABILITY = YES;
				ENABLE_USER_SCRIPT_SANDBOXING = YES;
				GCC_C_LANGUAGE_STANDARD = gnu17;
				GCC_DYNAMIC_NO_PIC = NO;
				GCC_NO_COMMON_BLOCKS = YES;
				GCC_OPTIMIZATION_LEVEL = 0;
				GCC_PREPROCESSOR_DEFINITIONS = (
					"DEBUG=1",
					"$(inherited)",
				);
				GCC_WARN_64_TO_32_BIT_CONVERSION = YES;
				GCC_WARN_ABOUT_RETURN_TYPE = YES_ERROR;
				GCC_WARN_UNDECLARED_SELECTOR = YES;
				GCC_WARN_UNINITIALIZED_AUTOS = YES_AGGRESSIVE;
				GCC_WARN_UNUSED_FUNCTION = YES;
				GCC_WARN_UNUSED_VARIABLE = YES;
				IPHONEOS_DEPLOYMENT_TARGET = 17.2;
				LOCALIZATION_PREFERS_STRING_CATALOGS = YES;
				MTL_ENABLE_DEBUG_INFO = INCLUDE_SOURCE;
				MTL_FAST_MATH = YES;
				ONLY_ACTIVE_ARCH = YES;
				SDKROOT = iphoneos;
				SWIFT_ACTIVE_COMPILATION_CONDITIONS = "DEBUG $(inherited)";
				SWIFT_OPTIMIZATION_LEVEL = "-Onone";
			};
			name = Debug;
		};
		9CED71112B8B212A00BC96D0 /* Release */ = {
			isa = XCBuildConfiguration;
			buildSettings = {
				ALWAYS_SEARCH_USER_PATHS = NO;
				ASSETCATALOG_COMPILER_GENERATE_SWIFT_ASSET_SYMBOL_EXTENSIONS = YES;
				CLANG_ANALYZER_NONNULL = YES;
				CLANG_ANALYZER_NUMBER_OBJECT_CONVERSION = YES_AGGRESSIVE;
				CLANG_CXX_LANGUAGE_STANDARD = "gnu++20";
				CLANG_ENABLE_MODULES = YES;
				CLANG_ENABLE_OBJC_ARC = YES;
				CLANG_ENABLE_OBJC_WEAK = YES;
				CLANG_WARN_BLOCK_CAPTURE_AUTORELEASING = YES;
				CLANG_WARN_BOOL_CONVERSION = YES;
				CLANG_WARN_COMMA = YES;
				CLANG_WARN_CONSTANT_CONVERSION = YES;
				CLANG_WARN_DEPRECATED_OBJC_IMPLEMENTATIONS = YES;
				CLANG_WARN_DIRECT_OBJC_ISA_USAGE = YES_ERROR;
				CLANG_WARN_DOCUMENTATION_COMMENTS = YES;
				CLANG_WARN_EMPTY_BODY = YES;
				CLANG_WARN_ENUM_CONVERSION = YES;
				CLANG_WARN_INFINITE_RECURSION = YES;
				CLANG_WARN_INT_CONVERSION = YES;
				CLANG_WARN_NON_LITERAL_NULL_CONVERSION = YES;
				CLANG_WARN_OBJC_IMPLICIT_RETAIN_SELF = YES;
				CLANG_WARN_OBJC_LITERAL_CONVERSION = YES;
				CLANG_WARN_OBJC_ROOT_CLASS = YES_ERROR;
				CLANG_WARN_QUOTED_INCLUDE_IN_FRAMEWORK_HEADER = YES;
				CLANG_WARN_RANGE_LOOP_ANALYSIS = YES;
				CLANG_WARN_STRICT_PROTOTYPES = YES;
				CLANG_WARN_SUSPICIOUS_MOVE = YES;
				CLANG_WARN_UNGUARDED_AVAILABILITY = YES_AGGRESSIVE;
				CLANG_WARN_UNREACHABLE_CODE = YES;
				CLANG_WARN__DUPLICATE_METHOD_MATCH = YES;
				COPY_PHASE_STRIP = NO;
				DEBUG_INFORMATION_FORMAT = "dwarf-with-dsym";
				ENABLE_NS_ASSERTIONS = NO;
				ENABLE_STRICT_OBJC_MSGSEND = YES;
				ENABLE_USER_SCRIPT_SANDBOXING = YES;
				GCC_C_LANGUAGE_STANDARD = gnu17;
				GCC_NO_COMMON_BLOCKS = YES;
				GCC_WARN_64_TO_32_BIT_CONVERSION = YES;
				GCC_WARN_ABOUT_RETURN_TYPE = YES_ERROR;
				GCC_WARN_UNDECLARED_SELECTOR = YES;
				GCC_WARN_UNINITIALIZED_AUTOS = YES_AGGRESSIVE;
				GCC_WARN_UNUSED_FUNCTION = YES;
				GCC_WARN_UNUSED_VARIABLE = YES;
				IPHONEOS_DEPLOYMENT_TARGET = 17.2;
				LOCALIZATION_PREFERS_STRING_CATALOGS = YES;
				MTL_ENABLE_DEBUG_INFO = NO;
				MTL_FAST_MATH = YES;
				SDKROOT = iphoneos;
				SWIFT_COMPILATION_MODE = wholemodule;
				VALIDATE_PRODUCT = YES;
			};
			name = Release;
		};
		9CED71132B8B212A00BC96D0 /* Debug */ = {
			isa = XCBuildConfiguration;
			buildSettings = {
				ASSETCATALOG_COMPILER_APPICON_NAME = AppIcon;
				ASSETCATALOG_COMPILER_GLOBAL_ACCENT_COLOR_NAME = AccentColor;
				CODE_SIGN_STYLE = Automatic;
				CURRENT_PROJECT_VERSION = 1;
				DEVELOPMENT_ASSET_PATHS = "\"StarknetTemplate/Preview Content\"";
				DEVELOPMENT_TEAM = 9JUU34PUVC;
				ENABLE_PREVIEWS = YES;
				GENERATE_INFOPLIST_FILE = YES;
				INFOPLIST_KEY_UIApplicationSceneManifest_Generation = YES;
				INFOPLIST_KEY_UIApplicationSupportsIndirectInputEvents = YES;
				INFOPLIST_KEY_UILaunchScreen_Generation = YES;
				INFOPLIST_KEY_UISupportedInterfaceOrientations_iPad = "UIInterfaceOrientationPortrait UIInterfaceOrientationPortraitUpsideDown UIInterfaceOrientationLandscapeLeft UIInterfaceOrientationLandscapeRight";
				INFOPLIST_KEY_UISupportedInterfaceOrientations_iPhone = "UIInterfaceOrientationPortrait UIInterfaceOrientationLandscapeLeft UIInterfaceOrientationLandscapeRight";
				LD_RUNPATH_SEARCH_PATHS = (
					"$(inherited)",
					"@executable_path/Frameworks",
				);
				MARKETING_VERSION = 1.0;
				PRODUCT_BUNDLE_IDENTIFIER = com.chqrles.StarknetTemplate;
				PRODUCT_NAME = "$(TARGET_NAME)";
				SWIFT_EMIT_LOC_STRINGS = YES;
				SWIFT_VERSION = 5.0;
				TARGETED_DEVICE_FAMILY = "1,2";
			};
			name = Debug;
		};
		9CED71142B8B212A00BC96D0 /* Release */ = {
			isa = XCBuildConfiguration;
			buildSettings = {
				ASSETCATALOG_COMPILER_APPICON_NAME = AppIcon;
				ASSETCATALOG_COMPILER_GLOBAL_ACCENT_COLOR_NAME = AccentColor;
				CODE_SIGN_STYLE = Automatic;
				CURRENT_PROJECT_VERSION = 1;
				DEVELOPMENT_ASSET_PATHS = "\"StarknetTemplate/Preview Content\"";
				DEVELOPMENT_TEAM = 9JUU34PUVC;
				ENABLE_PREVIEWS = YES;
				GENERATE_INFOPLIST_FILE = YES;
				INFOPLIST_KEY_UIApplicationSceneManifest_Generation = YES;
				INFOPLIST_KEY_UIApplicationSupportsIndirectInputEvents = YES;
				INFOPLIST_KEY_UILaunchScreen_Generation = YES;
				INFOPLIST_KEY_UISupportedInterfaceOrientations_iPad = "UIInterfaceOrientationPortrait UIInterfaceOrientationPortraitUpsideDown UIInterfaceOrientationLandscapeLeft UIInterfaceOrientationLandscapeRight";
				INFOPLIST_KEY_UISupportedInterfaceOrientations_iPhone = "UIInterfaceOrientationPortrait UIInterfaceOrientationLandscapeLeft UIInterfaceOrientationLandscapeRight";
				LD_RUNPATH_SEARCH_PATHS = (
					"$(inherited)",
					"@executable_path/Frameworks",
				);
				MARKETING_VERSION = 1.0;
				PRODUCT_BUNDLE_IDENTIFIER = com.chqrles.StarknetTemplate;
				PRODUCT_NAME = "$(TARGET_NAME)";
				SWIFT_EMIT_LOC_STRINGS = YES;
				SWIFT_VERSION = 5.0;
				TARGETED_DEVICE_FAMILY = "1,2";
			};
			name = Release;
		};
		9CED71162B8B212A00BC96D0 /* Debug */ = {
			isa = XCBuildConfiguration;
			buildSettings = {
				ALWAYS_EMBED_SWIFT_STANDARD_LIBRARIES = YES;
				BUNDLE_LOADER = "$(TEST_HOST)";
				CODE_SIGN_STYLE = Automatic;
				CURRENT_PROJECT_VERSION = 1;
				DEVELOPMENT_TEAM = 9JUU34PUVC;
				GENERATE_INFOPLIST_FILE = YES;
				IPHONEOS_DEPLOYMENT_TARGET = 17.2;
				MARKETING_VERSION = 1.0;
				PRODUCT_BUNDLE_IDENTIFIER = com.chqrles.StarknetTemplateTests;
				PRODUCT_NAME = "$(TARGET_NAME)";
				SWIFT_EMIT_LOC_STRINGS = NO;
				SWIFT_VERSION = 5.0;
				TARGETED_DEVICE_FAMILY = "1,2";
				TEST_HOST = "$(BUILT_PRODUCTS_DIR)/StarknetTemplate.app/$(BUNDLE_EXECUTABLE_FOLDER_PATH)/StarknetTemplate";
			};
			name = Debug;
		};
		9CED71172B8B212A00BC96D0 /* Release */ = {
			isa = XCBuildConfiguration;
			buildSettings = {
				ALWAYS_EMBED_SWIFT_STANDARD_LIBRARIES = YES;
				BUNDLE_LOADER = "$(TEST_HOST)";
				CODE_SIGN_STYLE = Automatic;
				CURRENT_PROJECT_VERSION = 1;
				DEVELOPMENT_TEAM = 9JUU34PUVC;
				GENERATE_INFOPLIST_FILE = YES;
				IPHONEOS_DEPLOYMENT_TARGET = 17.2;
				MARKETING_VERSION = 1.0;
				PRODUCT_BUNDLE_IDENTIFIER = com.chqrles.StarknetTemplateTests;
				PRODUCT_NAME = "$(TARGET_NAME)";
				SWIFT_EMIT_LOC_STRINGS = NO;
				SWIFT_VERSION = 5.0;
				TARGETED_DEVICE_FAMILY = "1,2";
				TEST_HOST = "$(BUILT_PRODUCTS_DIR)/StarknetTemplate.app/$(BUNDLE_EXECUTABLE_FOLDER_PATH)/StarknetTemplate";
			};
			name = Release;
		};
		9CED71192B8B212A00BC96D0 /* Debug */ = {
			isa = XCBuildConfiguration;
			buildSettings = {
				ALWAYS_EMBED_SWIFT_STANDARD_LIBRARIES = YES;
				CODE_SIGN_STYLE = Automatic;
				CURRENT_PROJECT_VERSION = 1;
				DEVELOPMENT_TEAM = 9JUU34PUVC;
				GENERATE_INFOPLIST_FILE = YES;
				MARKETING_VERSION = 1.0;
				PRODUCT_BUNDLE_IDENTIFIER = com.chqrles.StarknetTemplateUITests;
				PRODUCT_NAME = "$(TARGET_NAME)";
				SWIFT_EMIT_LOC_STRINGS = NO;
				SWIFT_VERSION = 5.0;
				TARGETED_DEVICE_FAMILY = "1,2";
				TEST_TARGET_NAME = StarknetTemplate;
			};
			name = Debug;
		};
		9CED711A2B8B212A00BC96D0 /* Release */ = {
			isa = XCBuildConfiguration;
			buildSettings = {
				ALWAYS_EMBED_SWIFT_STANDARD_LIBRARIES = YES;
				CODE_SIGN_STYLE = Automatic;
				CURRENT_PROJECT_VERSION = 1;
				DEVELOPMENT_TEAM = 9JUU34PUVC;
				GENERATE_INFOPLIST_FILE = YES;
				MARKETING_VERSION = 1.0;
				PRODUCT_BUNDLE_IDENTIFIER = com.chqrles.StarknetTemplateUITests;
				PRODUCT_NAME = "$(TARGET_NAME)";
				SWIFT_EMIT_LOC_STRINGS = NO;
				SWIFT_VERSION = 5.0;
				TARGETED_DEVICE_FAMILY = "1,2";
				TEST_TARGET_NAME = StarknetTemplate;
			};
			name = Release;
		};
/* End XCBuildConfiguration section */

/* Begin XCConfigurationList section */
		9CED70E92B8B212900BC96D0 /* Build configuration list for PBXProject "StarknetTemplate" */ = {
			isa = XCConfigurationList;
			buildConfigurations = (
				9CED71102B8B212A00BC96D0 /* Debug */,
				9CED71112B8B212A00BC96D0 /* Release */,
			);
			defaultConfigurationIsVisible = 0;
			defaultConfigurationName = Release;
		};
		9CED71122B8B212A00BC96D0 /* Build configuration list for PBXNativeTarget "StarknetTemplate" */ = {
			isa = XCConfigurationList;
			buildConfigurations = (
				9CED71132B8B212A00BC96D0 /* Debug */,
				9CED71142B8B212A00BC96D0 /* Release */,
			);
			defaultConfigurationIsVisible = 0;
			defaultConfigurationName = Release;
		};
		9CED71152B8B212A00BC96D0 /* Build configuration list for PBXNativeTarget "StarknetTemplateTests" */ = {
			isa = XCConfigurationList;
			buildConfigurations = (
				9CED71162B8B212A00BC96D0 /* Debug */,
				9CED71172B8B212A00BC96D0 /* Release */,
			);
			defaultConfigurationIsVisible = 0;
			defaultConfigurationName = Release;
		};
		9CED71182B8B212A00BC96D0 /* Build configuration list for PBXNativeTarget "StarknetTemplateUITests" */ = {
			isa = XCConfigurationList;
			buildConfigurations = (
				9CED71192B8B212A00BC96D0 /* Debug */,
				9CED711A2B8B212A00BC96D0 /* Release */,
			);
			defaultConfigurationIsVisible = 0;
			defaultConfigurationName = Release;
		};
/* End XCConfigurationList section */
	};
	rootObject = 9CED70E62B8B212900BC96D0 /* Project object */;
}
